
Microsoft Visual Studio Solution File, Format Version 12.00
# Visual Studio Version 17
VisualStudioVersion = 17.2.32516.85
MinimumVisualStudioVersion = 10.0.40219.1
Project("{FAE04EC0-301F-11D3-BF4B-00C04F79EFBC}") = "API.PublicData", "ChargingStationsSweden\API.PublicData.csproj", "{D83764B3-2A40-4753-A938-B40B91723FC8}"
EndProject
Project("{FAE04EC0-301F-11D3-BF4B-00C04F79EFBC}") = "ChargingStations.Models", "ChargingStations.Models\ChargingStations.Models.csproj", "{DA13188F-8B9C-4226-9405-4B27B460C58E}"
EndProject
Project("{FAE04EC0-301F-11D3-BF4B-00C04F79EFBC}") = "LundSchoolLocations.Models", "LundSchoolLocations.Models\LundSchoolLocations.Models.csproj", "{401593DE-EA5E-44CA-A505-DDFA44358776}"
EndProject
Global
	GlobalSection(SolutionConfigurationPlatforms) = preSolution
		Debug|Any CPU = Debug|Any CPU
		Release|Any CPU = Release|Any CPU
	EndGlobalSection
	GlobalSection(ProjectConfigurationPlatforms) = postSolution
		{D83764B3-2A40-4753-A938-B40B91723FC8}.Debug|Any CPU.ActiveCfg = Debug|Any CPU
		{D83764B3-2A40-4753-A938-B40B91723FC8}.Debug|Any CPU.Build.0 = Debug|Any CPU
		{D83764B3-2A40-4753-A938-B40B91723FC8}.Release|Any CPU.ActiveCfg = Release|Any CPU
		{D83764B3-2A40-4753-A938-B40B91723FC8}.Release|Any CPU.Build.0 = Release|Any CPU
		{DA13188F-8B9C-4226-9405-4B27B460C58E}.Debug|Any CPU.ActiveCfg = Debug|Any CPU
		{DA13188F-8B9C-4226-9405-4B27B460C58E}.Debug|Any CPU.Build.0 = Debug|Any CPU
		{DA13188F-8B9C-4226-9405-4B27B460C58E}.Release|Any CPU.ActiveCfg = Release|Any CPU
		{DA13188F-8B9C-4226-9405-4B27B460C58E}.Release|Any CPU.Build.0 = Release|Any CPU
		{401593DE-EA5E-44CA-A505-DDFA44358776}.Debug|Any CPU.ActiveCfg = Debug|Any CPU
		{401593DE-EA5E-44CA-A505-DDFA44358776}.Debug|Any CPU.Build.0 = Debug|Any CPU
		{401593DE-EA5E-44CA-A505-DDFA44358776}.Release|Any CPU.ActiveCfg = Release|Any CPU
		{401593DE-EA5E-44CA-A505-DDFA44358776}.Release|Any CPU.Build.0 = Release|Any CPU
	EndGlobalSection
	GlobalSection(SolutionProperties) = preSolution
		HideSolutionNode = FALSE
	EndGlobalSection
	GlobalSection(ExtensibilityGlobals) = postSolution
		SolutionGuid = {2DC38198-832D-4C82-B14B-1F1DBAFED1D6}
	EndGlobalSection
EndGlobal
